
Microsoft Visual Studio Solution File, Format Version 12.00
# Visual Studio Version 17
VisualStudioVersion = 17.6.33723.286
MinimumVisualStudioVersion = 10.0.40219.1
Project("{2150E333-8FDC-42A3-9474-1A3956D46DE8}") = "Domain", "Domain", "{DD97223E-76CD-4ABF-9B56-06523EC983A4}"
EndProject
Project("{2150E333-8FDC-42A3-9474-1A3956D46DE8}") = "Infrastructure", "Infrastructure", "{903FC424-C406-45D2-9020-8E17D1CDF3C1}"
EndProject
Project("{2150E333-8FDC-42A3-9474-1A3956D46DE8}") = "Services", "Services", "{ADADCCF9-BF35-4CC6-82BC-50644397647C}"
EndProject
Project("{9A19103F-16F7-4668-BE54-9A1E7A4F7556}") = "BooksReviewApp.Infrastructure.Persistance", "BooksReviewApp.Infrastructure.Persistance\BooksReviewApp.Infrastructure.Persistance.csproj", "{06C61497-9DE7-47B2-B45D-0626E6400228}"
EndProject
Project("{9A19103F-16F7-4668-BE54-9A1E7A4F7556}") = "BooksReviewApp.Services.Interfaces", "BooksReviewApp.Services.Interfaces\BooksReviewApp.Services.Interfaces.csproj", "{9AFED7B3-E602-4E38-B7A5-55A9B59CB586}"
EndProject
Project("{9A19103F-16F7-4668-BE54-9A1E7A4F7556}") = "BooksReviewApp.Domain.Interfaces", "BooksReviewApp.Domain.Interfaces\BooksReviewApp.Domain.Interfaces.csproj", "{65A19775-A102-4F72-97C4-FF527110403C}"
EndProject
Project("{9A19103F-16F7-4668-BE54-9A1E7A4F7556}") = "BooksReviewApp.Services.Implementation", "BooksReviewApp.Services.Implementation\BooksReviewApp.Services.Implementation.csproj", "{08153931-47C9-4055-994A-F301AE12A0E8}"
EndProject
Project("{9A19103F-16F7-4668-BE54-9A1E7A4F7556}") = "BooksReviewApp.WebApi", "BooksReviewApp.WebApi\BooksReviewApp.WebApi.csproj", "{3C2D5872-D5E7-4A96-A075-DC2BD02AEA06}"
EndProject
Project("{2150E333-8FDC-42A3-9474-1A3956D46DE8}") = "BookManagement", "BookManagement", "{E19BDF6D-2211-461B-8E78-AEFDD368DEEA}"
EndProject
Project("{9A19103F-16F7-4668-BE54-9A1E7A4F7556}") = "BookManagement.Data", "BookManagement.Data\BookManagement.Data.csproj", "{F5187FBF-21FD-4DA8-9DF1-2B2F909484D9}"
EndProject
Project("{9A19103F-16F7-4668-BE54-9A1E7A4F7556}") = "BookManagement.Database", "BookManagement.Database\BookManagement.Database.csproj", "{00024253-AED0-487C-B900-A791F3F5DEA2}"
EndProject
Project("{9A19103F-16F7-4668-BE54-9A1E7A4F7556}") = "BookManagement.Services.Contracts", "BookManagement.Services.Contracts\BookManagement.Services.Contracts.csproj", "{2C53CC03-C2AC-48F5-ADBE-D68340254D79}"
EndProject
Project("{9A19103F-16F7-4668-BE54-9A1E7A4F7556}") = "BookManagement.Services.Implementation", "BookManagement.Services.Implementation\BookManagement.Services.Implementation.csproj", "{AB0C9C10-47A9-4E5E-80CB-9BF5A094AEA3}"
EndProject
Project("{FAE04EC0-301F-11D3-BF4B-00C04F79EFBC}") = "BookManagement.Repositories", "BookManagement.Repositories\BookManagement.Repositories.csproj", "{576A0E90-5D75-437B-8FE5-64CDEF4D9536}"
EndProject
Project("{FAE04EC0-301F-11D3-BF4B-00C04F79EFBC}") = "BookManagement.Domain.Core", "BookManagement.Domain.Core\BookManagement.Domain.Core.csproj", "{6B19F40A-984B-4157-96C3-3EADCA0943ED}"
EndProject
Project("{FAE04EC0-301F-11D3-BF4B-00C04F79EFBC}") = "BookManagement.Domain.Interfaces", "BookManagement.Domain.Interfaces\BookManagement.Domain.Interfaces.csproj", "{304DA285-7F2B-4833-8597-3364BF457B3C}"
EndProject
Project("{2150E333-8FDC-42A3-9474-1A3956D46DE8}") = "UserManagement", "UserManagement", "{B2010E1F-37BE-47B8-84D0-403C4B4F886A}"
EndProject
Project("{FAE04EC0-301F-11D3-BF4B-00C04F79EFBC}") = "UserManagement.Data", "UserManagement.Data\UserManagement.Data.csproj", "{BFAAB95B-3586-4B29-9BF3-94C4AE404087}"
EndProject
Project("{FAE04EC0-301F-11D3-BF4B-00C04F79EFBC}") = "UserManagement.Database", "UserManagement.Database\UserManagement.Database.csproj", "{04E43F9B-DAB9-4832-A407-3969A4530856}"
EndProject
Project("{FAE04EC0-301F-11D3-BF4B-00C04F79EFBC}") = "UserManagement.Repositories", "UserManagement.Repositories\UserManagement.Repositories.csproj", "{73687EFA-0766-4C7C-A9D4-B792E44E9356}"
EndProject
Project("{FAE04EC0-301F-11D3-BF4B-00C04F79EFBC}") = "UserManagement.Domain.Core", "UserManagement.Domain.Core\UserManagement.Domain.Core.csproj", "{CADB89B8-3026-4A69-8DA7-7DEFA8BD47E9}"
EndProject
Project("{FAE04EC0-301F-11D3-BF4B-00C04F79EFBC}") = "UserManagement.Domain.Interfaces", "UserManagement.Domain.Interfaces\UserManagement.Domain.Interfaces.csproj", "{7DF81437-568D-4808-AB4A-3B4BB664AE39}"
EndProject
Project("{FAE04EC0-301F-11D3-BF4B-00C04F79EFBC}") = "UserManagement.Services.Contracts", "UserManagement.Services.Contracts\UserManagement.Services.Contracts.csproj", "{6A8FD5E6-6C34-4589-B8D3-80EA1467C23A}"
EndProject
Project("{FAE04EC0-301F-11D3-BF4B-00C04F79EFBC}") = "UserManagement.Services.Implementation", "UserManagement.Services.Implementation\UserManagement.Services.Implementation.csproj", "{4D2D2FC4-7954-4942-8B09-85F5B8600D50}"
EndProject
Project("{FAE04EC0-301F-11D3-BF4B-00C04F79EFBC}") = "Common.Domain.Interfaces", "Common.Domain.Interfaces\Common.Domain.Interfaces.csproj", "{5516D7D1-4DFF-489F-9102-7D843FC71AF3}"
EndProject
Global
	GlobalSection(SolutionConfigurationPlatforms) = preSolution
		Debug|Any CPU = Debug|Any CPU
		Release|Any CPU = Release|Any CPU
	EndGlobalSection
	GlobalSection(ProjectConfigurationPlatforms) = postSolution
		{06C61497-9DE7-47B2-B45D-0626E6400228}.Debug|Any CPU.ActiveCfg = Debug|Any CPU
		{06C61497-9DE7-47B2-B45D-0626E6400228}.Debug|Any CPU.Build.0 = Debug|Any CPU
		{06C61497-9DE7-47B2-B45D-0626E6400228}.Release|Any CPU.ActiveCfg = Release|Any CPU
		{06C61497-9DE7-47B2-B45D-0626E6400228}.Release|Any CPU.Build.0 = Release|Any CPU
		{9AFED7B3-E602-4E38-B7A5-55A9B59CB586}.Debug|Any CPU.ActiveCfg = Debug|Any CPU
		{9AFED7B3-E602-4E38-B7A5-55A9B59CB586}.Debug|Any CPU.Build.0 = Debug|Any CPU
		{9AFED7B3-E602-4E38-B7A5-55A9B59CB586}.Release|Any CPU.ActiveCfg = Release|Any CPU
		{9AFED7B3-E602-4E38-B7A5-55A9B59CB586}.Release|Any CPU.Build.0 = Release|Any CPU
		{65A19775-A102-4F72-97C4-FF527110403C}.Debug|Any CPU.ActiveCfg = Debug|Any CPU
		{65A19775-A102-4F72-97C4-FF527110403C}.Debug|Any CPU.Build.0 = Debug|Any CPU
		{65A19775-A102-4F72-97C4-FF527110403C}.Release|Any CPU.ActiveCfg = Release|Any CPU
		{65A19775-A102-4F72-97C4-FF527110403C}.Release|Any CPU.Build.0 = Release|Any CPU
		{08153931-47C9-4055-994A-F301AE12A0E8}.Debug|Any CPU.ActiveCfg = Debug|Any CPU
		{08153931-47C9-4055-994A-F301AE12A0E8}.Debug|Any CPU.Build.0 = Debug|Any CPU
		{08153931-47C9-4055-994A-F301AE12A0E8}.Release|Any CPU.ActiveCfg = Release|Any CPU
		{08153931-47C9-4055-994A-F301AE12A0E8}.Release|Any CPU.Build.0 = Release|Any CPU
		{3C2D5872-D5E7-4A96-A075-DC2BD02AEA06}.Debug|Any CPU.ActiveCfg = Debug|Any CPU
		{3C2D5872-D5E7-4A96-A075-DC2BD02AEA06}.Debug|Any CPU.Build.0 = Debug|Any CPU
		{3C2D5872-D5E7-4A96-A075-DC2BD02AEA06}.Release|Any CPU.ActiveCfg = Release|Any CPU
		{3C2D5872-D5E7-4A96-A075-DC2BD02AEA06}.Release|Any CPU.Build.0 = Release|Any CPU
		{F5187FBF-21FD-4DA8-9DF1-2B2F909484D9}.Debug|Any CPU.ActiveCfg = Debug|Any CPU
		{F5187FBF-21FD-4DA8-9DF1-2B2F909484D9}.Debug|Any CPU.Build.0 = Debug|Any CPU
		{F5187FBF-21FD-4DA8-9DF1-2B2F909484D9}.Release|Any CPU.ActiveCfg = Release|Any CPU
		{F5187FBF-21FD-4DA8-9DF1-2B2F909484D9}.Release|Any CPU.Build.0 = Release|Any CPU
		{00024253-AED0-487C-B900-A791F3F5DEA2}.Debug|Any CPU.ActiveCfg = Debug|Any CPU
		{00024253-AED0-487C-B900-A791F3F5DEA2}.Debug|Any CPU.Build.0 = Debug|Any CPU
		{00024253-AED0-487C-B900-A791F3F5DEA2}.Release|Any CPU.ActiveCfg = Release|Any CPU
		{00024253-AED0-487C-B900-A791F3F5DEA2}.Release|Any CPU.Build.0 = Release|Any CPU
		{2C53CC03-C2AC-48F5-ADBE-D68340254D79}.Debug|Any CPU.ActiveCfg = Debug|Any CPU
		{2C53CC03-C2AC-48F5-ADBE-D68340254D79}.Debug|Any CPU.Build.0 = Debug|Any CPU
		{2C53CC03-C2AC-48F5-ADBE-D68340254D79}.Release|Any CPU.ActiveCfg = Release|Any CPU
		{2C53CC03-C2AC-48F5-ADBE-D68340254D79}.Release|Any CPU.Build.0 = Release|Any CPU
		{AB0C9C10-47A9-4E5E-80CB-9BF5A094AEA3}.Debug|Any CPU.ActiveCfg = Debug|Any CPU
		{AB0C9C10-47A9-4E5E-80CB-9BF5A094AEA3}.Debug|Any CPU.Build.0 = Debug|Any CPU
		{AB0C9C10-47A9-4E5E-80CB-9BF5A094AEA3}.Release|Any CPU.ActiveCfg = Release|Any CPU
		{AB0C9C10-47A9-4E5E-80CB-9BF5A094AEA3}.Release|Any CPU.Build.0 = Release|Any CPU
		{576A0E90-5D75-437B-8FE5-64CDEF4D9536}.Debug|Any CPU.ActiveCfg = Debug|Any CPU
		{576A0E90-5D75-437B-8FE5-64CDEF4D9536}.Debug|Any CPU.Build.0 = Debug|Any CPU
		{576A0E90-5D75-437B-8FE5-64CDEF4D9536}.Release|Any CPU.ActiveCfg = Release|Any CPU
		{576A0E90-5D75-437B-8FE5-64CDEF4D9536}.Release|Any CPU.Build.0 = Release|Any CPU
		{6B19F40A-984B-4157-96C3-3EADCA0943ED}.Debug|Any CPU.ActiveCfg = Debug|Any CPU
		{6B19F40A-984B-4157-96C3-3EADCA0943ED}.Debug|Any CPU.Build.0 = Debug|Any CPU
		{6B19F40A-984B-4157-96C3-3EADCA0943ED}.Release|Any CPU.ActiveCfg = Release|Any CPU
		{6B19F40A-984B-4157-96C3-3EADCA0943ED}.Release|Any CPU.Build.0 = Release|Any CPU
		{304DA285-7F2B-4833-8597-3364BF457B3C}.Debug|Any CPU.ActiveCfg = Debug|Any CPU
		{304DA285-7F2B-4833-8597-3364BF457B3C}.Debug|Any CPU.Build.0 = Debug|Any CPU
		{304DA285-7F2B-4833-8597-3364BF457B3C}.Release|Any CPU.ActiveCfg = Release|Any CPU
		{304DA285-7F2B-4833-8597-3364BF457B3C}.Release|Any CPU.Build.0 = Release|Any CPU
		{BFAAB95B-3586-4B29-9BF3-94C4AE404087}.Debug|Any CPU.ActiveCfg = Debug|Any CPU
		{BFAAB95B-3586-4B29-9BF3-94C4AE404087}.Debug|Any CPU.Build.0 = Debug|Any CPU
		{BFAAB95B-3586-4B29-9BF3-94C4AE404087}.Release|Any CPU.ActiveCfg = Release|Any CPU
		{BFAAB95B-3586-4B29-9BF3-94C4AE404087}.Release|Any CPU.Build.0 = Release|Any CPU
		{04E43F9B-DAB9-4832-A407-3969A4530856}.Debug|Any CPU.ActiveCfg = Debug|Any CPU
		{04E43F9B-DAB9-4832-A407-3969A4530856}.Debug|Any CPU.Build.0 = Debug|Any CPU
		{04E43F9B-DAB9-4832-A407-3969A4530856}.Release|Any CPU.ActiveCfg = Release|Any CPU
		{04E43F9B-DAB9-4832-A407-3969A4530856}.Release|Any CPU.Build.0 = Release|Any CPU
		{73687EFA-0766-4C7C-A9D4-B792E44E9356}.Debug|Any CPU.ActiveCfg = Debug|Any CPU
		{73687EFA-0766-4C7C-A9D4-B792E44E9356}.Debug|Any CPU.Build.0 = Debug|Any CPU
		{73687EFA-0766-4C7C-A9D4-B792E44E9356}.Release|Any CPU.ActiveCfg = Release|Any CPU
		{73687EFA-0766-4C7C-A9D4-B792E44E9356}.Release|Any CPU.Build.0 = Release|Any CPU
		{CADB89B8-3026-4A69-8DA7-7DEFA8BD47E9}.Debug|Any CPU.ActiveCfg = Debug|Any CPU
		{CADB89B8-3026-4A69-8DA7-7DEFA8BD47E9}.Debug|Any CPU.Build.0 = Debug|Any CPU
		{CADB89B8-3026-4A69-8DA7-7DEFA8BD47E9}.Release|Any CPU.ActiveCfg = Release|Any CPU
		{CADB89B8-3026-4A69-8DA7-7DEFA8BD47E9}.Release|Any CPU.Build.0 = Release|Any CPU
		{7DF81437-568D-4808-AB4A-3B4BB664AE39}.Debug|Any CPU.ActiveCfg = Debug|Any CPU
		{7DF81437-568D-4808-AB4A-3B4BB664AE39}.Debug|Any CPU.Build.0 = Debug|Any CPU
		{7DF81437-568D-4808-AB4A-3B4BB664AE39}.Release|Any CPU.ActiveCfg = Release|Any CPU
		{7DF81437-568D-4808-AB4A-3B4BB664AE39}.Release|Any CPU.Build.0 = Release|Any CPU
		{6A8FD5E6-6C34-4589-B8D3-80EA1467C23A}.Debug|Any CPU.ActiveCfg = Debug|Any CPU
		{6A8FD5E6-6C34-4589-B8D3-80EA1467C23A}.Debug|Any CPU.Build.0 = Debug|Any CPU
		{6A8FD5E6-6C34-4589-B8D3-80EA1467C23A}.Release|Any CPU.ActiveCfg = Release|Any CPU
		{6A8FD5E6-6C34-4589-B8D3-80EA1467C23A}.Release|Any CPU.Build.0 = Release|Any CPU
		{4D2D2FC4-7954-4942-8B09-85F5B8600D50}.Debug|Any CPU.ActiveCfg = Debug|Any CPU
		{4D2D2FC4-7954-4942-8B09-85F5B8600D50}.Debug|Any CPU.Build.0 = Debug|Any CPU
		{4D2D2FC4-7954-4942-8B09-85F5B8600D50}.Release|Any CPU.ActiveCfg = Release|Any CPU
		{4D2D2FC4-7954-4942-8B09-85F5B8600D50}.Release|Any CPU.Build.0 = Release|Any CPU
		{5516D7D1-4DFF-489F-9102-7D843FC71AF3}.Debug|Any CPU.ActiveCfg = Debug|Any CPU
		{5516D7D1-4DFF-489F-9102-7D843FC71AF3}.Debug|Any CPU.Build.0 = Debug|Any CPU
		{5516D7D1-4DFF-489F-9102-7D843FC71AF3}.Release|Any CPU.ActiveCfg = Release|Any CPU
		{5516D7D1-4DFF-489F-9102-7D843FC71AF3}.Release|Any CPU.Build.0 = Release|Any CPU
	EndGlobalSection
	GlobalSection(SolutionProperties) = preSolution
		HideSolutionNode = FALSE
	EndGlobalSection
	GlobalSection(NestedProjects) = preSolution
		{06C61497-9DE7-47B2-B45D-0626E6400228} = {903FC424-C406-45D2-9020-8E17D1CDF3C1}
		{9AFED7B3-E602-4E38-B7A5-55A9B59CB586} = {ADADCCF9-BF35-4CC6-82BC-50644397647C}
		{65A19775-A102-4F72-97C4-FF527110403C} = {DD97223E-76CD-4ABF-9B56-06523EC983A4}
		{08153931-47C9-4055-994A-F301AE12A0E8} = {ADADCCF9-BF35-4CC6-82BC-50644397647C}
		{F5187FBF-21FD-4DA8-9DF1-2B2F909484D9} = {E19BDF6D-2211-461B-8E78-AEFDD368DEEA}
		{00024253-AED0-487C-B900-A791F3F5DEA2} = {E19BDF6D-2211-461B-8E78-AEFDD368DEEA}
		{2C53CC03-C2AC-48F5-ADBE-D68340254D79} = {E19BDF6D-2211-461B-8E78-AEFDD368DEEA}
		{AB0C9C10-47A9-4E5E-80CB-9BF5A094AEA3} = {E19BDF6D-2211-461B-8E78-AEFDD368DEEA}
		{576A0E90-5D75-437B-8FE5-64CDEF4D9536} = {E19BDF6D-2211-461B-8E78-AEFDD368DEEA}
		{6B19F40A-984B-4157-96C3-3EADCA0943ED} = {E19BDF6D-2211-461B-8E78-AEFDD368DEEA}
		{304DA285-7F2B-4833-8597-3364BF457B3C} = {E19BDF6D-2211-461B-8E78-AEFDD368DEEA}
		{BFAAB95B-3586-4B29-9BF3-94C4AE404087} = {B2010E1F-37BE-47B8-84D0-403C4B4F886A}
		{04E43F9B-DAB9-4832-A407-3969A4530856} = {B2010E1F-37BE-47B8-84D0-403C4B4F886A}
		{73687EFA-0766-4C7C-A9D4-B792E44E9356} = {B2010E1F-37BE-47B8-84D0-403C4B4F886A}
		{CADB89B8-3026-4A69-8DA7-7DEFA8BD47E9} = {B2010E1F-37BE-47B8-84D0-403C4B4F886A}
		{7DF81437-568D-4808-AB4A-3B4BB664AE39} = {B2010E1F-37BE-47B8-84D0-403C4B4F886A}
		{6A8FD5E6-6C34-4589-B8D3-80EA1467C23A} = {B2010E1F-37BE-47B8-84D0-403C4B4F886A}
		{4D2D2FC4-7954-4942-8B09-85F5B8600D50} = {B2010E1F-37BE-47B8-84D0-403C4B4F886A}
	EndGlobalSection
	GlobalSection(ExtensibilityGlobals) = postSolution
		SolutionGuid = {D289CD00-032E-4498-80CB-A802600E522C}
	EndGlobalSection
EndGlobal
