
Microsoft Visual Studio Solution File, Format Version 12.00
# Visual Studio Version 17
VisualStudioVersion = 17.6.33723.286
MinimumVisualStudioVersion = 10.0.40219.1
Project("{2150E333-8FDC-42A3-9474-1A3956D46DE8}") = "Domain", "Domain", "{DD97223E-76CD-4ABF-9B56-06523EC983A4}"
EndProject
Project("{2150E333-8FDC-42A3-9474-1A3956D46DE8}") = "Infrastructure", "Infrastructure", "{903FC424-C406-45D2-9020-8E17D1CDF3C1}"
EndProject
Project("{2150E333-8FDC-42A3-9474-1A3956D46DE8}") = "Services", "Services", "{ADADCCF9-BF35-4CC6-82BC-50644397647C}"
EndProject
Project("{9A19103F-16F7-4668-BE54-9A1E7A4F7556}") = "BooksReviewApp.WebApi", "BooksReviewApp.WebApi\BooksReviewApp.WebApi.csproj", "{26B52EC3-2AAE-4623-8D1F-45FC5CCA4713}"
EndProject
Project("{9A19103F-16F7-4668-BE54-9A1E7A4F7556}") = "BooksReviewApp.Host", "BooksReviewApp.Host\BooksReviewApp.Host.csproj", "{B0AA9492-1083-4BC5-AB41-C728C2100DA6}"
EndProject
Project("{2150E333-8FDC-42A3-9474-1A3956D46DE8}") = "Core", "Core", "{1EE3A8BE-D84E-49AF-A205-0159F8BB7B32}"
EndProject
Project("{2150E333-8FDC-42A3-9474-1A3956D46DE8}") = "Solution Items", "Solution Items", "{9C627E63-E907-4794-8C92-DD922E083F81}"
	ProjectSection(SolutionItems) = preProject
		.editorconfig = .editorconfig
		exclusion.dic = exclusion.dic
	EndProjectSection
EndProject
Project("{9A19103F-16F7-4668-BE54-9A1E7A4F7556}") = "BooksReviewApp.Core.Domain", "Core\BooksReviewApp.Core.Domain\BooksReviewApp.Core.Domain.csproj", "{4453BB92-5699-49C5-AB67-A51519C40C15}"
EndProject
Project("{9A19103F-16F7-4668-BE54-9A1E7A4F7556}") = "BooksReviewApp.Core.Services", "Core\BooksReviewApp.Core.Services\BooksReviewApp.Core.Services.csproj", "{B1824EAB-D505-424B-92B6-A3C6D2CDC8DE}"
EndProject
Project("{9A19103F-16F7-4668-BE54-9A1E7A4F7556}") = "BooksReviewApp.Domain", "Domain\BooksReviewApp.Domain\BooksReviewApp.Domain.csproj", "{261F3040-2291-46C9-BED3-37382574B0DB}"
EndProject
Project("{9A19103F-16F7-4668-BE54-9A1E7A4F7556}") = "BooksReviewApp.Database", "Infrastructure\BooksReviewApp.Database\BooksReviewApp.Database.csproj", "{BF5C00F4-3393-4953-B2AD-FBBCBAC306D0}"
EndProject
Project("{9A19103F-16F7-4668-BE54-9A1E7A4F7556}") = "BooksReviewApp.Domain.Contracts", "Domain\BooksReviewApp.Domain.Contracts\BooksReviewApp.Domain.Contracts.csproj", "{76A0A978-8FB2-4103-BADE-8BD8E367D72D}"
EndProject
Project("{9A19103F-16F7-4668-BE54-9A1E7A4F7556}") = "BooksReviewApp.Services.EF", "Infrastructure\BooksReviewApp.Services.EF\BooksReviewApp.Services.EF.csproj", "{918C7BDA-F3BE-433F-8AA1-AAD35EA50A9D}"
EndProject
Project("{9A19103F-16F7-4668-BE54-9A1E7A4F7556}") = "BooksReviewApp.Services.Implementation", "Services\BooksReviewApp.Services.Implementation\BooksReviewApp.Services.Implementation.csproj", "{9AAA776E-B2B5-4575-A8C8-BC372EC9BD0E}"
EndProject
Project("{9A19103F-16F7-4668-BE54-9A1E7A4F7556}") = "BooksReviewApp.Services.Contracts", "Services\BooksReviewApp.Services.Contracts\BooksReviewApp.Services.Contracts.csproj", "{7920379E-3917-4591-B17D-FDA2DA31167F}"
EndProject
Project("{9A19103F-16F7-4668-BE54-9A1E7A4F7556}") = "BooksReviewApp.Services.Localization", "Infrastructure\BooksReviewApp.Services.Localization\BooksReviewApp.Services.Localization.csproj", "{72753792-FE1A-4A5B-85AB-95D35673304C}"
EndProject
Project("{2150E333-8FDC-42A3-9474-1A3956D46DE8}") = "Tests", "Tests", "{76E34A54-FFDD-4A20-841B-7DC269B129D5}"
EndProject
Project("{9A19103F-16F7-4668-BE54-9A1E7A4F7556}") = "BooksReviewApp.Infrastructure.Tests", "Tests\BooksReviewApp.Infrastructure.Tests\BooksReviewApp.Infrastructure.Tests.csproj", "{AA430C4F-2F43-4C2A-B18C-7D649D27C6A2}"
EndProject
Project("{9A19103F-16F7-4668-BE54-9A1E7A4F7556}") = "BooksReviewApp.Services.Tests", "Tests\BooksReviewApp.Services.Tests\BooksReviewApp.Services.Tests.csproj", "{045F450C-BF46-4453-90FB-382B10CE7403}"
EndProject
Project("{FAE04EC0-301F-11D3-BF4B-00C04F79EFBC}") = "BooksReviewApp.Tests.Common", "Tests\BooksReviewApp.Tests.Common\BooksReviewApp.Tests.Common.csproj", "{2DC4F0AD-639E-4870-B5A7-7F41178028A9}"
EndProject
Project("{FAE04EC0-301F-11D3-BF4B-00C04F79EFBC}") = "BooksReviewApp.WebApi.Tests", "Tests\BooksReviewApp.WebApi.Tests\BooksReviewApp.WebApi.Tests.csproj", "{826C1B69-E7AB-48B9-8AC9-D6D2673F76FF}"
EndProject
Global
	GlobalSection(SolutionConfigurationPlatforms) = preSolution
		Debug|Any CPU = Debug|Any CPU
		Release|Any CPU = Release|Any CPU
	EndGlobalSection
	GlobalSection(ProjectConfigurationPlatforms) = postSolution
		{26B52EC3-2AAE-4623-8D1F-45FC5CCA4713}.Debug|Any CPU.ActiveCfg = Debug|Any CPU
		{26B52EC3-2AAE-4623-8D1F-45FC5CCA4713}.Debug|Any CPU.Build.0 = Debug|Any CPU
		{26B52EC3-2AAE-4623-8D1F-45FC5CCA4713}.Release|Any CPU.ActiveCfg = Release|Any CPU
		{26B52EC3-2AAE-4623-8D1F-45FC5CCA4713}.Release|Any CPU.Build.0 = Release|Any CPU
		{B0AA9492-1083-4BC5-AB41-C728C2100DA6}.Debug|Any CPU.ActiveCfg = Debug|Any CPU
		{B0AA9492-1083-4BC5-AB41-C728C2100DA6}.Debug|Any CPU.Build.0 = Debug|Any CPU
		{B0AA9492-1083-4BC5-AB41-C728C2100DA6}.Release|Any CPU.ActiveCfg = Release|Any CPU
		{B0AA9492-1083-4BC5-AB41-C728C2100DA6}.Release|Any CPU.Build.0 = Release|Any CPU
		{4453BB92-5699-49C5-AB67-A51519C40C15}.Debug|Any CPU.ActiveCfg = Debug|Any CPU
		{4453BB92-5699-49C5-AB67-A51519C40C15}.Debug|Any CPU.Build.0 = Debug|Any CPU
		{4453BB92-5699-49C5-AB67-A51519C40C15}.Release|Any CPU.ActiveCfg = Release|Any CPU
		{4453BB92-5699-49C5-AB67-A51519C40C15}.Release|Any CPU.Build.0 = Release|Any CPU
		{B1824EAB-D505-424B-92B6-A3C6D2CDC8DE}.Debug|Any CPU.ActiveCfg = Debug|Any CPU
		{B1824EAB-D505-424B-92B6-A3C6D2CDC8DE}.Debug|Any CPU.Build.0 = Debug|Any CPU
		{B1824EAB-D505-424B-92B6-A3C6D2CDC8DE}.Release|Any CPU.ActiveCfg = Release|Any CPU
		{B1824EAB-D505-424B-92B6-A3C6D2CDC8DE}.Release|Any CPU.Build.0 = Release|Any CPU
		{261F3040-2291-46C9-BED3-37382574B0DB}.Debug|Any CPU.ActiveCfg = Debug|Any CPU
		{261F3040-2291-46C9-BED3-37382574B0DB}.Debug|Any CPU.Build.0 = Debug|Any CPU
		{261F3040-2291-46C9-BED3-37382574B0DB}.Release|Any CPU.ActiveCfg = Release|Any CPU
		{261F3040-2291-46C9-BED3-37382574B0DB}.Release|Any CPU.Build.0 = Release|Any CPU
		{BF5C00F4-3393-4953-B2AD-FBBCBAC306D0}.Debug|Any CPU.ActiveCfg = Debug|Any CPU
		{BF5C00F4-3393-4953-B2AD-FBBCBAC306D0}.Debug|Any CPU.Build.0 = Debug|Any CPU
		{BF5C00F4-3393-4953-B2AD-FBBCBAC306D0}.Release|Any CPU.ActiveCfg = Release|Any CPU
		{BF5C00F4-3393-4953-B2AD-FBBCBAC306D0}.Release|Any CPU.Build.0 = Release|Any CPU
		{76A0A978-8FB2-4103-BADE-8BD8E367D72D}.Debug|Any CPU.ActiveCfg = Debug|Any CPU
		{76A0A978-8FB2-4103-BADE-8BD8E367D72D}.Debug|Any CPU.Build.0 = Debug|Any CPU
		{76A0A978-8FB2-4103-BADE-8BD8E367D72D}.Release|Any CPU.ActiveCfg = Release|Any CPU
		{76A0A978-8FB2-4103-BADE-8BD8E367D72D}.Release|Any CPU.Build.0 = Release|Any CPU
		{918C7BDA-F3BE-433F-8AA1-AAD35EA50A9D}.Debug|Any CPU.ActiveCfg = Debug|Any CPU
		{918C7BDA-F3BE-433F-8AA1-AAD35EA50A9D}.Debug|Any CPU.Build.0 = Debug|Any CPU
		{918C7BDA-F3BE-433F-8AA1-AAD35EA50A9D}.Release|Any CPU.ActiveCfg = Release|Any CPU
		{918C7BDA-F3BE-433F-8AA1-AAD35EA50A9D}.Release|Any CPU.Build.0 = Release|Any CPU
		{9AAA776E-B2B5-4575-A8C8-BC372EC9BD0E}.Debug|Any CPU.ActiveCfg = Debug|Any CPU
		{9AAA776E-B2B5-4575-A8C8-BC372EC9BD0E}.Debug|Any CPU.Build.0 = Debug|Any CPU
		{9AAA776E-B2B5-4575-A8C8-BC372EC9BD0E}.Release|Any CPU.ActiveCfg = Release|Any CPU
		{9AAA776E-B2B5-4575-A8C8-BC372EC9BD0E}.Release|Any CPU.Build.0 = Release|Any CPU
		{7920379E-3917-4591-B17D-FDA2DA31167F}.Debug|Any CPU.ActiveCfg = Debug|Any CPU
		{7920379E-3917-4591-B17D-FDA2DA31167F}.Debug|Any CPU.Build.0 = Debug|Any CPU
		{7920379E-3917-4591-B17D-FDA2DA31167F}.Release|Any CPU.ActiveCfg = Release|Any CPU
		{7920379E-3917-4591-B17D-FDA2DA31167F}.Release|Any CPU.Build.0 = Release|Any CPU
		{72753792-FE1A-4A5B-85AB-95D35673304C}.Debug|Any CPU.ActiveCfg = Debug|Any CPU
		{72753792-FE1A-4A5B-85AB-95D35673304C}.Debug|Any CPU.Build.0 = Debug|Any CPU
		{72753792-FE1A-4A5B-85AB-95D35673304C}.Release|Any CPU.ActiveCfg = Release|Any CPU
		{72753792-FE1A-4A5B-85AB-95D35673304C}.Release|Any CPU.Build.0 = Release|Any CPU
		{AA430C4F-2F43-4C2A-B18C-7D649D27C6A2}.Debug|Any CPU.ActiveCfg = Debug|Any CPU
		{AA430C4F-2F43-4C2A-B18C-7D649D27C6A2}.Debug|Any CPU.Build.0 = Debug|Any CPU
		{AA430C4F-2F43-4C2A-B18C-7D649D27C6A2}.Release|Any CPU.ActiveCfg = Release|Any CPU
		{AA430C4F-2F43-4C2A-B18C-7D649D27C6A2}.Release|Any CPU.Build.0 = Release|Any CPU
		{045F450C-BF46-4453-90FB-382B10CE7403}.Debug|Any CPU.ActiveCfg = Debug|Any CPU
		{045F450C-BF46-4453-90FB-382B10CE7403}.Debug|Any CPU.Build.0 = Debug|Any CPU
		{045F450C-BF46-4453-90FB-382B10CE7403}.Release|Any CPU.ActiveCfg = Release|Any CPU
		{045F450C-BF46-4453-90FB-382B10CE7403}.Release|Any CPU.Build.0 = Release|Any CPU
		{2DC4F0AD-639E-4870-B5A7-7F41178028A9}.Debug|Any CPU.ActiveCfg = Debug|Any CPU
		{2DC4F0AD-639E-4870-B5A7-7F41178028A9}.Debug|Any CPU.Build.0 = Debug|Any CPU
		{2DC4F0AD-639E-4870-B5A7-7F41178028A9}.Release|Any CPU.ActiveCfg = Release|Any CPU
		{2DC4F0AD-639E-4870-B5A7-7F41178028A9}.Release|Any CPU.Build.0 = Release|Any CPU
		{826C1B69-E7AB-48B9-8AC9-D6D2673F76FF}.Debug|Any CPU.ActiveCfg = Debug|Any CPU
		{826C1B69-E7AB-48B9-8AC9-D6D2673F76FF}.Debug|Any CPU.Build.0 = Debug|Any CPU
		{826C1B69-E7AB-48B9-8AC9-D6D2673F76FF}.Release|Any CPU.ActiveCfg = Release|Any CPU
		{826C1B69-E7AB-48B9-8AC9-D6D2673F76FF}.Release|Any CPU.Build.0 = Release|Any CPU
	EndGlobalSection
	GlobalSection(SolutionProperties) = preSolution
		HideSolutionNode = FALSE
	EndGlobalSection
	GlobalSection(NestedProjects) = preSolution
		{4453BB92-5699-49C5-AB67-A51519C40C15} = {1EE3A8BE-D84E-49AF-A205-0159F8BB7B32}
		{B1824EAB-D505-424B-92B6-A3C6D2CDC8DE} = {1EE3A8BE-D84E-49AF-A205-0159F8BB7B32}
		{261F3040-2291-46C9-BED3-37382574B0DB} = {DD97223E-76CD-4ABF-9B56-06523EC983A4}
		{BF5C00F4-3393-4953-B2AD-FBBCBAC306D0} = {903FC424-C406-45D2-9020-8E17D1CDF3C1}
		{76A0A978-8FB2-4103-BADE-8BD8E367D72D} = {DD97223E-76CD-4ABF-9B56-06523EC983A4}
		{918C7BDA-F3BE-433F-8AA1-AAD35EA50A9D} = {903FC424-C406-45D2-9020-8E17D1CDF3C1}
		{9AAA776E-B2B5-4575-A8C8-BC372EC9BD0E} = {ADADCCF9-BF35-4CC6-82BC-50644397647C}
		{7920379E-3917-4591-B17D-FDA2DA31167F} = {ADADCCF9-BF35-4CC6-82BC-50644397647C}
		{72753792-FE1A-4A5B-85AB-95D35673304C} = {903FC424-C406-45D2-9020-8E17D1CDF3C1}
		{AA430C4F-2F43-4C2A-B18C-7D649D27C6A2} = {76E34A54-FFDD-4A20-841B-7DC269B129D5}
		{045F450C-BF46-4453-90FB-382B10CE7403} = {76E34A54-FFDD-4A20-841B-7DC269B129D5}
		{2DC4F0AD-639E-4870-B5A7-7F41178028A9} = {76E34A54-FFDD-4A20-841B-7DC269B129D5}
		{826C1B69-E7AB-48B9-8AC9-D6D2673F76FF} = {76E34A54-FFDD-4A20-841B-7DC269B129D5}
	EndGlobalSection
	GlobalSection(ExtensibilityGlobals) = postSolution
		SolutionGuid = {D289CD00-032E-4498-80CB-A802600E522C}
	EndGlobalSection
EndGlobal
